
Microsoft Visual Studio Solution File, Format Version 12.00
# Visual Studio Version 16
VisualStudioVersion = 16.0.30611.23
MinimumVisualStudioVersion = 10.0.40219.1
Project("{FAE04EC0-301F-11D3-BF4B-00C04F79EFBC}") = "MELabAA", "MELabAA\MELabAA.csproj", "{5ED64B15-A5AF-46E3-8E27-DBF37361D156}"
EndProject
Global
	GlobalSection(SolutionConfigurationPlatforms) = preSolution
		Debug|Any CPU = Debug|Any CPU
		Release|Any CPU = Release|Any CPU
	EndGlobalSection
	GlobalSection(ProjectConfigurationPlatforms) = postSolution
		{5ED64B15-A5AF-46E3-8E27-DBF37361D156}.Debug|Any CPU.ActiveCfg = Debug|Any CPU
		{5ED64B15-A5AF-46E3-8E27-DBF37361D156}.Debug|Any CPU.Build.0 = Debug|Any CPU
		{5ED64B15-A5AF-46E3-8E27-DBF37361D156}.Release|Any CPU.ActiveCfg = Release|Any CPU
		{5ED64B15-A5AF-46E3-8E27-DBF37361D156}.Release|Any CPU.Build.0 = Release|Any CPU
	EndGlobalSection
	GlobalSection(SolutionProperties) = preSolution
		HideSolutionNode = FALSE
	EndGlobalSection
	GlobalSection(ExtensibilityGlobals) = postSolution
		SolutionGuid = {AC557FC7-D865-4A5B-BF9A-0535BF365678}
	EndGlobalSection
EndGlobal
